
Microsoft Visual Studio Solution File, Format Version 12.00
# Visual Studio Version 18
VisualStudioVersion = 18.2.11408.102
MinimumVisualStudioVersion = 10.0.40219.1
Project("{FAE04EC0-301F-11D3-BF4B-00C04F79EFBC}") = "MozizzAPI", "MozizzAPI\MozizzAPI.csproj", "{FC34A4D0-EA09-448E-987D-C0D6A5297139}"
EndProject
Project("{FAE04EC0-301F-11D3-BF4B-00C04F79EFBC}") = "TestProject1", "TestProject1\TestProject1.csproj", "{797913DE-3E25-445C-ADB2-546B29863F7D}"
EndProject
Global
	GlobalSection(SolutionConfigurationPlatforms) = preSolution
		Debug|Any CPU = Debug|Any CPU
		Release|Any CPU = Release|Any CPU
	EndGlobalSection
	GlobalSection(ProjectConfigurationPlatforms) = postSolution
		{FC34A4D0-EA09-448E-987D-C0D6A5297139}.Debug|Any CPU.ActiveCfg = Debug|Any CPU
		{FC34A4D0-EA09-448E-987D-C0D6A5297139}.Debug|Any CPU.Build.0 = Debug|Any CPU
		{FC34A4D0-EA09-448E-987D-C0D6A5297139}.Release|Any CPU.ActiveCfg = Release|Any CPU
		{FC34A4D0-EA09-448E-987D-C0D6A5297139}.Release|Any CPU.Build.0 = Release|Any CPU
		{797913DE-3E25-445C-ADB2-546B29863F7D}.Debug|Any CPU.ActiveCfg = Debug|Any CPU
		{797913DE-3E25-445C-ADB2-546B29863F7D}.Debug|Any CPU.Build.0 = Debug|Any CPU
		{797913DE-3E25-445C-ADB2-546B29863F7D}.Release|Any CPU.ActiveCfg = Release|Any CPU
		{797913DE-3E25-445C-ADB2-546B29863F7D}.Release|Any CPU.Build.0 = Release|Any CPU
	EndGlobalSection
	GlobalSection(SolutionProperties) = preSolution
		HideSolutionNode = FALSE
	EndGlobalSection
	GlobalSection(ExtensibilityGlobals) = postSolution
		SolutionGuid = {25421C90-9117-475F-B3DE-B2CD30E25922}
	EndGlobalSection
EndGlobal
